
Microsoft Visual Studio Solution File, Format Version 12.00
# Visual Studio 14
VisualStudioVersion = 14.0.25420.1
MinimumVisualStudioVersion = 10.0.40219.1
Project("{FAE04EC0-301F-11D3-BF4B-00C04F79EFBC}") = "GameStop.Web", "GameStop.Web\GameStop.Web.csproj", "{5FF94C1C-0AAC-425D-94BC-8A132A979C8F}"
EndProject
Project("{FAE04EC0-301F-11D3-BF4B-00C04F79EFBC}") = "GameStop.WebAdmin", "GameStop.WebAdmin\GameStop.WebAdmin.csproj", "{3FB64720-5759-4660-A460-6D8ACEEF473E}"
EndProject
Project("{FAE04EC0-301F-11D3-BF4B-00C04F79EFBC}") = "GameStop.Win", "GameStop.Win\GameStop.Win.csproj", "{BBDAA7BB-79D4-42CB-AF4E-219A878D5846}"
EndProject
Project("{FAE04EC0-301F-11D3-BF4B-00C04F79EFBC}") = "GameStop.BL", "GameStop.BL\GameStop.BL.csproj", "{D57E26F0-C39C-46E1-A108-393FCB2ECD4E}"
EndProject
Global
	GlobalSection(SolutionConfigurationPlatforms) = preSolution
		Debug|Any CPU = Debug|Any CPU
		Release|Any CPU = Release|Any CPU
	EndGlobalSection
	GlobalSection(ProjectConfigurationPlatforms) = postSolution
		{5FF94C1C-0AAC-425D-94BC-8A132A979C8F}.Debug|Any CPU.ActiveCfg = Debug|Any CPU
		{5FF94C1C-0AAC-425D-94BC-8A132A979C8F}.Debug|Any CPU.Build.0 = Debug|Any CPU
		{5FF94C1C-0AAC-425D-94BC-8A132A979C8F}.Release|Any CPU.ActiveCfg = Release|Any CPU
		{5FF94C1C-0AAC-425D-94BC-8A132A979C8F}.Release|Any CPU.Build.0 = Release|Any CPU
		{3FB64720-5759-4660-A460-6D8ACEEF473E}.Debug|Any CPU.ActiveCfg = Debug|Any CPU
		{3FB64720-5759-4660-A460-6D8ACEEF473E}.Debug|Any CPU.Build.0 = Debug|Any CPU
		{3FB64720-5759-4660-A460-6D8ACEEF473E}.Release|Any CPU.ActiveCfg = Release|Any CPU
		{3FB64720-5759-4660-A460-6D8ACEEF473E}.Release|Any CPU.Build.0 = Release|Any CPU
		{BBDAA7BB-79D4-42CB-AF4E-219A878D5846}.Debug|Any CPU.ActiveCfg = Debug|Any CPU
		{BBDAA7BB-79D4-42CB-AF4E-219A878D5846}.Debug|Any CPU.Build.0 = Debug|Any CPU
		{BBDAA7BB-79D4-42CB-AF4E-219A878D5846}.Release|Any CPU.ActiveCfg = Release|Any CPU
		{BBDAA7BB-79D4-42CB-AF4E-219A878D5846}.Release|Any CPU.Build.0 = Release|Any CPU
		{D57E26F0-C39C-46E1-A108-393FCB2ECD4E}.Debug|Any CPU.ActiveCfg = Debug|Any CPU
		{D57E26F0-C39C-46E1-A108-393FCB2ECD4E}.Debug|Any CPU.Build.0 = Debug|Any CPU
		{D57E26F0-C39C-46E1-A108-393FCB2ECD4E}.Release|Any CPU.ActiveCfg = Release|Any CPU
		{D57E26F0-C39C-46E1-A108-393FCB2ECD4E}.Release|Any CPU.Build.0 = Release|Any CPU
	EndGlobalSection
	GlobalSection(SolutionProperties) = preSolution
		HideSolutionNode = FALSE
	EndGlobalSection
EndGlobal
